
Microsoft Visual Studio Solution File, Format Version 12.00
# Visual Studio Version 17
VisualStudioVersion = 17.13.35931.197 d17.13
MinimumVisualStudioVersion = 10.0.40219.1
Project("{FAE04EC0-301F-11D3-BF4B-00C04F79EFBC}") = "RecipeApi", "RecipeApi.csproj", "{A0FC1C89-FCD1-4CAA-8BFE-F03D979FCD0D}"
EndProject
Global
	GlobalSection(SolutionConfigurationPlatforms) = preSolution
		Debug|Any CPU = Debug|Any CPU
		Release|Any CPU = Release|Any CPU
	EndGlobalSection
	GlobalSection(ProjectConfigurationPlatforms) = postSolution
		{A0FC1C89-FCD1-4CAA-8BFE-F03D979FCD0D}.Debug|Any CPU.ActiveCfg = Debug|Any CPU
		{A0FC1C89-FCD1-4CAA-8BFE-F03D979FCD0D}.Debug|Any CPU.Build.0 = Debug|Any CPU
		{A0FC1C89-FCD1-4CAA-8BFE-F03D979FCD0D}.Release|Any CPU.ActiveCfg = Release|Any CPU
		{A0FC1C89-FCD1-4CAA-8BFE-F03D979FCD0D}.Release|Any CPU.Build.0 = Release|Any CPU
	EndGlobalSection
	GlobalSection(SolutionProperties) = preSolution
		HideSolutionNode = FALSE
	EndGlobalSection
	GlobalSection(ExtensibilityGlobals) = postSolution
		SolutionGuid = {01CB0155-FD5B-4A68-8774-7FF108A7925C}
	EndGlobalSection
EndGlobal
